// !$*UTF8*$!
{
	archiveVersion = 1;
	classes = {
	};
	objectVersion = 56;
	objects = {

/* Begin PBXBuildFile section */
		5E679AC329CDF87C00CC7C69 /* TypeCarModels.swift in Sources */ = {isa = PBXBuildFile; fileRef = 5E679AC229CDF87C00CC7C69 /* TypeCarModels.swift */; };
		5E679AC529CDF88700CC7C69 /* BrandModels.swift in Sources */ = {isa = PBXBuildFile; fileRef = 5E679AC429CDF88700CC7C69 /* BrandModels.swift */; };
		5E679AC729CDF8A500CC7C69 /* ProductionYearsModels.swift in Sources */ = {isa = PBXBuildFile; fileRef = 5E679AC629CDF8A500CC7C69 /* ProductionYearsModels.swift */; };
		5E679AC929CDF8B400CC7C69 /* FuelModels.swift in Sources */ = {isa = PBXBuildFile; fileRef = 5E679AC829CDF8B400CC7C69 /* FuelModels.swift */; };
		5E679ACB29CE023900CC7C69 /* CountriesModels.swift in Sources */ = {isa = PBXBuildFile; fileRef = 5E679ACA29CE023900CC7C69 /* CountriesModels.swift */; };
		5E7F725229C8EE8800D93F38 /* AppDelegate.swift in Sources */ = {isa = PBXBuildFile; fileRef = 5E7F725129C8EE8800D93F38 /* AppDelegate.swift */; };
		5E7F725429C8EE8800D93F38 /* SceneDelegate.swift in Sources */ = {isa = PBXBuildFile; fileRef = 5E7F725329C8EE8800D93F38 /* SceneDelegate.swift */; };
		5E7F725629C8EE8800D93F38 /* CalculateViewController.swift in Sources */ = {isa = PBXBuildFile; fileRef = 5E7F725529C8EE8800D93F38 /* CalculateViewController.swift */; };
		5E7F725929C8EE8800D93F38 /* Main.storyboard in Resources */ = {isa = PBXBuildFile; fileRef = 5E7F725729C8EE8800D93F38 /* Main.storyboard */; };
		5E7F725B29C8EE8B00D93F38 /* Assets.xcassets in Resources */ = {isa = PBXBuildFile; fileRef = 5E7F725A29C8EE8A00D93F38 /* Assets.xcassets */; };
		5E7F725E29C8EE8B00D93F38 /* LaunchScreen.storyboard in Resources */ = {isa = PBXBuildFile; fileRef = 5E7F725C29C8EE8B00D93F38 /* LaunchScreen.storyboard */; };
		5EEC2B1A29CC7B830086726B /* Podfile in Resources */ = {isa = PBXBuildFile; fileRef = 5EEC2B1929CC7B830086726B /* Podfile */; };
		E838B818DDA1EDAF73859346 /* Pods_CustomsClearance.framework in Frameworks */ = {isa = PBXBuildFile; fileRef = F5627F8869078C4FF5056569 /* Pods_CustomsClearance.framework */; };
/* End PBXBuildFile section */

/* Begin PBXFileReference section */
		5E679AC229CDF87C00CC7C69 /* TypeCarModels.swift */ = {isa = PBXFileReference; lastKnownFileType = sourcecode.swift; path = TypeCarModels.swift; sourceTree = "<group>"; };
		5E679AC429CDF88700CC7C69 /* BrandModels.swift */ = {isa = PBXFileReference; lastKnownFileType = sourcecode.swift; path = BrandModels.swift; sourceTree = "<group>"; };
		5E679AC629CDF8A500CC7C69 /* ProductionYearsModels.swift */ = {isa = PBXFileReference; lastKnownFileType = sourcecode.swift; path = ProductionYearsModels.swift; sourceTree = "<group>"; };
		5E679AC829CDF8B400CC7C69 /* FuelModels.swift */ = {isa = PBXFileReference; lastKnownFileType = sourcecode.swift; path = FuelModels.swift; sourceTree = "<group>"; };
		5E679ACA29CE023900CC7C69 /* CountriesModels.swift */ = {isa = PBXFileReference; lastKnownFileType = sourcecode.swift; path = CountriesModels.swift; sourceTree = "<group>"; };
		5E7F724E29C8EE8800D93F38 /* CustomsClearance.app */ = {isa = PBXFileReference; explicitFileType = wrapper.application; includeInIndex = 0; path = CustomsClearance.app; sourceTree = BUILT_PRODUCTS_DIR; };
		5E7F725129C8EE8800D93F38 /* AppDelegate.swift */ = {isa = PBXFileReference; lastKnownFileType = sourcecode.swift; path = AppDelegate.swift; sourceTree = "<group>"; };
		5E7F725329C8EE8800D93F38 /* SceneDelegate.swift */ = {isa = PBXFileReference; lastKnownFileType = sourcecode.swift; path = SceneDelegate.swift; sourceTree = "<group>"; };
		5E7F725529C8EE8800D93F38 /* CalculateViewController.swift */ = {isa = PBXFileReference; lastKnownFileType = sourcecode.swift; path = CalculateViewController.swift; sourceTree = "<group>"; };
		5E7F725829C8EE8800D93F38 /* Base */ = {isa = PBXFileReference; lastKnownFileType = file.storyboard; name = Base; path = Base.lproj/Main.storyboard; sourceTree = "<group>"; };
		5E7F725A29C8EE8A00D93F38 /* Assets.xcassets */ = {isa = PBXFileReference; lastKnownFileType = folder.assetcatalog; path = Assets.xcassets; sourceTree = "<group>"; };
		5E7F725D29C8EE8B00D93F38 /* Base */ = {isa = PBXFileReference; lastKnownFileType = file.storyboard; name = Base; path = Base.lproj/LaunchScreen.storyboard; sourceTree = "<group>"; };
		5E7F725F29C8EE8B00D93F38 /* Info.plist */ = {isa = PBXFileReference; lastKnownFileType = text.plist.xml; path = Info.plist; sourceTree = "<group>"; };
		5EEC2B1929CC7B830086726B /* Podfile */ = {isa = PBXFileReference; fileEncoding = 4; lastKnownFileType = text; path = Podfile; sourceTree = SOURCE_ROOT; xcLanguageSpecificationIdentifier = xcode.lang.ruby; };
		D44766AD491D7847545EEFB3 /* Pods-CustomsClearance.debug.xcconfig */ = {isa = PBXFileReference; includeInIndex = 1; lastKnownFileType = text.xcconfig; name = "Pods-CustomsClearance.debug.xcconfig"; path = "Target Support Files/Pods-CustomsClearance/Pods-CustomsClearance.debug.xcconfig"; sourceTree = "<group>"; };
		D4CCEB0033E187864FA86360 /* Pods-CustomsClearance.release.xcconfig */ = {isa = PBXFileReference; includeInIndex = 1; lastKnownFileType = text.xcconfig; name = "Pods-CustomsClearance.release.xcconfig"; path = "Target Support Files/Pods-CustomsClearance/Pods-CustomsClearance.release.xcconfig"; sourceTree = "<group>"; };
		F5627F8869078C4FF5056569 /* Pods_CustomsClearance.framework */ = {isa = PBXFileReference; explicitFileType = wrapper.framework; includeInIndex = 0; path = Pods_CustomsClearance.framework; sourceTree = BUILT_PRODUCTS_DIR; };
/* End PBXFileReference section */

/* Begin PBXFrameworksBuildPhase section */
		5E7F724B29C8EE8800D93F38 /* Frameworks */ = {
			isa = PBXFrameworksBuildPhase;
			buildActionMask = 2147483647;
			files = (
				E838B818DDA1EDAF73859346 /* Pods_CustomsClearance.framework in Frameworks */,
			);
			runOnlyForDeploymentPostprocessing = 0;
		};
/* End PBXFrameworksBuildPhase section */

/* Begin PBXGroup section */
		17600FC8CEE5CBDDA7338AB0 /* Frameworks */ = {
			isa = PBXGroup;
			children = (
				F5627F8869078C4FF5056569 /* Pods_CustomsClearance.framework */,
			);
			name = Frameworks;
			sourceTree = "<group>";
		};
		2B5B9320383460A0DEE8068F /* Pods */ = {
			isa = PBXGroup;
			children = (
				D44766AD491D7847545EEFB3 /* Pods-CustomsClearance.debug.xcconfig */,
				D4CCEB0033E187864FA86360 /* Pods-CustomsClearance.release.xcconfig */,
			);
			path = Pods;
			sourceTree = "<group>";
		};
		5E679AC129CDF85E00CC7C69 /* Models */ = {
			isa = PBXGroup;
			children = (
				5E679AC229CDF87C00CC7C69 /* TypeCarModels.swift */,
				5E679AC429CDF88700CC7C69 /* BrandModels.swift */,
				5E679AC629CDF8A500CC7C69 /* ProductionYearsModels.swift */,
				5E679AC829CDF8B400CC7C69 /* FuelModels.swift */,
				5E679ACA29CE023900CC7C69 /* CountriesModels.swift */,
			);
			path = Models;
			sourceTree = "<group>";
		};
		5E7F724529C8EE8800D93F38 = {
			isa = PBXGroup;
			children = (
				5E7F725029C8EE8800D93F38 /* CustomsClearance */,
				5E7F724F29C8EE8800D93F38 /* Products */,
				2B5B9320383460A0DEE8068F /* Pods */,
				17600FC8CEE5CBDDA7338AB0 /* Frameworks */,
			);
			sourceTree = "<group>";
		};
		5E7F724F29C8EE8800D93F38 /* Products */ = {
			isa = PBXGroup;
			children = (
				5E7F724E29C8EE8800D93F38 /* CustomsClearance.app */,
			);
			name = Products;
			sourceTree = "<group>";
		};
		5E7F725029C8EE8800D93F38 /* CustomsClearance */ = {
			isa = PBXGroup;
			children = (
				5EEC2B1929CC7B830086726B /* Podfile */,
				5EEC2B1B29CC7CA20086726B /* Application */,
				5E679AC129CDF85E00CC7C69 /* Models */,
				5EEC2B1C29CC7CB40086726B /* Views */,
				5EEC2B1D29CC7CC20086726B /* Controllers */,
				5EEC2B1E29CC7CD10086726B /* DefaultFiles */,
			);
			path = CustomsClearance;
			sourceTree = "<group>";
		};
		5EEC2B1B29CC7CA20086726B /* Application */ = {
			isa = PBXGroup;
			children = (
				5E7F725129C8EE8800D93F38 /* AppDelegate.swift */,
				5E7F725329C8EE8800D93F38 /* SceneDelegate.swift */,
			);
			path = Application;
			sourceTree = "<group>";
		};
		5EEC2B1C29CC7CB40086726B /* Views */ = {
			isa = PBXGroup;
			children = (
				5E7F725729C8EE8800D93F38 /* Main.storyboard */,
			);
			path = Views;
			sourceTree = "<group>";
		};
		5EEC2B1D29CC7CC20086726B /* Controllers */ = {
			isa = PBXGroup;
			children = (
				5E7F725529C8EE8800D93F38 /* CalculateViewController.swift */,
			);
			path = Controllers;
			sourceTree = "<group>";
		};
		5EEC2B1E29CC7CD10086726B /* DefaultFiles */ = {
			isa = PBXGroup;
			children = (
				5E7F725A29C8EE8A00D93F38 /* Assets.xcassets */,
				5E7F725C29C8EE8B00D93F38 /* LaunchScreen.storyboard */,
				5E7F725F29C8EE8B00D93F38 /* Info.plist */,
			);
			path = DefaultFiles;
			sourceTree = "<group>";
		};
/* End PBXGroup section */

/* Begin PBXNativeTarget section */
		5E7F724D29C8EE8800D93F38 /* CustomsClearance */ = {
			isa = PBXNativeTarget;
			buildConfigurationList = 5E7F726229C8EE8B00D93F38 /* Build configuration list for PBXNativeTarget "CustomsClearance" */;
			buildPhases = (
				9C8408EED34D0DD8AB3F74E2 /* [CP] Check Pods Manifest.lock */,
				5E7C76DE29CC851300F40AFA /* ShellScript */,
				5E7F724A29C8EE8800D93F38 /* Sources */,
				5E7F724B29C8EE8800D93F38 /* Frameworks */,
				5E7F724C29C8EE8800D93F38 /* Resources */,
				E23DA6B280AE29E4006AC6A3 /* [CP] Embed Pods Frameworks */,
			);
			buildRules = (
			);
			dependencies = (
			);
			name = CustomsClearance;
			productName = CustomsClearance;
			productReference = 5E7F724E29C8EE8800D93F38 /* CustomsClearance.app */;
			productType = "com.apple.product-type.application";
		};
/* End PBXNativeTarget section */

/* Begin PBXProject section */
		5E7F724629C8EE8800D93F38 /* Project object */ = {
			isa = PBXProject;
			attributes = {
				BuildIndependentTargetsInParallel = 1;
				LastSwiftUpdateCheck = 1410;
				LastUpgradeCheck = 1410;
				TargetAttributes = {
					5E7F724D29C8EE8800D93F38 = {
						CreatedOnToolsVersion = 14.1;
					};
				};
			};
			buildConfigurationList = 5E7F724929C8EE8800D93F38 /* Build configuration list for PBXProject "CustomsClearance" */;
			compatibilityVersion = "Xcode 14.0";
			developmentRegion = en;
			hasScannedForEncodings = 0;
			knownRegions = (
				en,
				Base,
			);
			mainGroup = 5E7F724529C8EE8800D93F38;
			productRefGroup = 5E7F724F29C8EE8800D93F38 /* Products */;
			projectDirPath = "";
			projectRoot = "";
			targets = (
				5E7F724D29C8EE8800D93F38 /* CustomsClearance */,
			);
		};
/* End PBXProject section */

/* Begin PBXResourcesBuildPhase section */
		5E7F724C29C8EE8800D93F38 /* Resources */ = {
			isa = PBXResourcesBuildPhase;
			buildActionMask = 2147483647;
			files = (
				5E7F725E29C8EE8B00D93F38 /* LaunchScreen.storyboard in Resources */,
				5E7F725B29C8EE8B00D93F38 /* Assets.xcassets in Resources */,
				5EEC2B1A29CC7B830086726B /* Podfile in Resources */,
				5E7F725929C8EE8800D93F38 /* Main.storyboard in Resources */,
			);
			runOnlyForDeploymentPostprocessing = 0;
		};
/* End PBXResourcesBuildPhase section */

/* Begin PBXShellScriptBuildPhase section */
		5E7C76DE29CC851300F40AFA /* ShellScript */ = {
			isa = PBXShellScriptBuildPhase;
			alwaysOutOfDate = 1;
			buildActionMask = 2147483647;
			files = (
			);
			inputFileListPaths = (
			);
			inputPaths = (
			);
			outputFileListPaths = (
			);
			outputPaths = (
			);
			runOnlyForDeploymentPostprocessing = 0;
			shellPath = /bin/sh;
			shellScript = "\"${PODS_ROOT}/SwiftLint/swiftlint\"\n";
		};
		9C8408EED34D0DD8AB3F74E2 /* [CP] Check Pods Manifest.lock */ = {
			isa = PBXShellScriptBuildPhase;
			buildActionMask = 2147483647;
			files = (
			);
			inputFileListPaths = (
			);
			inputPaths = (
				"${PODS_PODFILE_DIR_PATH}/Podfile.lock",
				"${PODS_ROOT}/Manifest.lock",
			);
			name = "[CP] Check Pods Manifest.lock";
			outputFileListPaths = (
			);
			outputPaths = (
				"$(DERIVED_FILE_DIR)/Pods-CustomsClearance-checkManifestLockResult.txt",
			);
			runOnlyForDeploymentPostprocessing = 0;
			shellPath = /bin/sh;
			shellScript = "diff \"${PODS_PODFILE_DIR_PATH}/Podfile.lock\" \"${PODS_ROOT}/Manifest.lock\" > /dev/null\nif [ $? != 0 ] ; then\n    # print error to STDERR\n    echo \"error: The sandbox is not in sync with the Podfile.lock. Run 'pod install' or update your CocoaPods installation.\" >&2\n    exit 1\nfi\n# This output is used by Xcode 'outputs' to avoid re-running this script phase.\necho \"SUCCESS\" > \"${SCRIPT_OUTPUT_FILE_0}\"\n";
			showEnvVarsInLog = 0;
		};
		E23DA6B280AE29E4006AC6A3 /* [CP] Embed Pods Frameworks */ = {
			isa = PBXShellScriptBuildPhase;
			buildActionMask = 2147483647;
			files = (
			);
			inputFileListPaths = (
				"${PODS_ROOT}/Target Support Files/Pods-CustomsClearance/Pods-CustomsClearance-frameworks-${CONFIGURATION}-input-files.xcfilelist",
			);
			name = "[CP] Embed Pods Frameworks";
			outputFileListPaths = (
				"${PODS_ROOT}/Target Support Files/Pods-CustomsClearance/Pods-CustomsClearance-frameworks-${CONFIGURATION}-output-files.xcfilelist",
			);
			runOnlyForDeploymentPostprocessing = 0;
			shellPath = /bin/sh;
			shellScript = "\"${PODS_ROOT}/Target Support Files/Pods-CustomsClearance/Pods-CustomsClearance-frameworks.sh\"\n";
			showEnvVarsInLog = 0;
		};
/* End PBXShellScriptBuildPhase section */

/* Begin PBXSourcesBuildPhase section */
		5E7F724A29C8EE8800D93F38 /* Sources */ = {
			isa = PBXSourcesBuildPhase;
			buildActionMask = 2147483647;
			files = (
				5E679ACB29CE023900CC7C69 /* CountriesModels.swift in Sources */,
				5E679AC929CDF8B400CC7C69 /* FuelModels.swift in Sources */,
				5E7F725629C8EE8800D93F38 /* CalculateViewController.swift in Sources */,
				5E679AC729CDF8A500CC7C69 /* ProductionYearsModels.swift in Sources */,
				5E679AC329CDF87C00CC7C69 /* TypeCarModels.swift in Sources */,
				5E7F725229C8EE8800D93F38 /* AppDelegate.swift in Sources */,
				5E7F725429C8EE8800D93F38 /* SceneDelegate.swift in Sources */,
				5E679AC529CDF88700CC7C69 /* BrandModels.swift in Sources */,
			);
			runOnlyForDeploymentPostprocessing = 0;
		};
/* End PBXSourcesBuildPhase section */

/* Begin PBXVariantGroup section */
		5E7F725729C8EE8800D93F38 /* Main.storyboard */ = {
			isa = PBXVariantGroup;
			children = (
				5E7F725829C8EE8800D93F38 /* Base */,
			);
			name = Main.storyboard;
			sourceTree = "<group>";
		};
		5E7F725C29C8EE8B00D93F38 /* LaunchScreen.storyboard */ = {
			isa = PBXVariantGroup;
			children = (
				5E7F725D29C8EE8B00D93F38 /* Base */,
			);
			name = LaunchScreen.storyboard;
			sourceTree = "<group>";
		};
/* End PBXVariantGroup section */

/* Begin XCBuildConfiguration section */
		5E7F726029C8EE8B00D93F38 /* Debug */ = {
			isa = XCBuildConfiguration;
			buildSettings = {
				ALWAYS_SEARCH_USER_PATHS = NO;
				CLANG_ANALYZER_NONNULL = YES;
				CLANG_ANALYZER_NUMBER_OBJECT_CONVERSION = YES_AGGRESSIVE;
				CLANG_CXX_LANGUAGE_STANDARD = "gnu++20";
				CLANG_ENABLE_MODULES = YES;
				CLANG_ENABLE_OBJC_ARC = YES;
				CLANG_ENABLE_OBJC_WEAK = YES;
				CLANG_WARN_BLOCK_CAPTURE_AUTORELEASING = YES;
				CLANG_WARN_BOOL_CONVERSION = YES;
				CLANG_WARN_COMMA = YES;
				CLANG_WARN_CONSTANT_CONVERSION = YES;
				CLANG_WARN_DEPRECATED_OBJC_IMPLEMENTATIONS = YES;
				CLANG_WARN_DIRECT_OBJC_ISA_USAGE = YES_ERROR;
				CLANG_WARN_DOCUMENTATION_COMMENTS = YES;
				CLANG_WARN_EMPTY_BODY = YES;
				CLANG_WARN_ENUM_CONVERSION = YES;
				CLANG_WARN_INFINITE_RECURSION = YES;
				CLANG_WARN_INT_CONVERSION = YES;
				CLANG_WARN_NON_LITERAL_NULL_CONVERSION = YES;
				CLANG_WARN_OBJC_IMPLICIT_RETAIN_SELF = YES;
				CLANG_WARN_OBJC_LITERAL_CONVERSION = YES;
				CLANG_WARN_OBJC_ROOT_CLASS = YES_ERROR;
				CLANG_WARN_QUOTED_INCLUDE_IN_FRAMEWORK_HEADER = YES;
				CLANG_WARN_RANGE_LOOP_ANALYSIS = YES;
				CLANG_WARN_STRICT_PROTOTYPES = YES;
				CLANG_WARN_SUSPICIOUS_MOVE = YES;
				CLANG_WARN_UNGUARDED_AVAILABILITY = YES_AGGRESSIVE;
				CLANG_WARN_UNREACHABLE_CODE = YES;
				CLANG_WARN__DUPLICATE_METHOD_MATCH = YES;
				COPY_PHASE_STRIP = NO;
				DEBUG_INFORMATION_FORMAT = dwarf;
				ENABLE_STRICT_OBJC_MSGSEND = YES;
				ENABLE_TESTABILITY = YES;
				GCC_C_LANGUAGE_STANDARD = gnu11;
				GCC_DYNAMIC_NO_PIC = NO;
				GCC_NO_COMMON_BLOCKS = YES;
				GCC_OPTIMIZATION_LEVEL = 0;
				GCC_PREPROCESSOR_DEFINITIONS = (
					"DEBUG=1",
					"$(inherited)",
				);
				GCC_WARN_64_TO_32_BIT_CONVERSION = YES;
				GCC_WARN_ABOUT_RETURN_TYPE = YES_ERROR;
				GCC_WARN_UNDECLARED_SELECTOR = YES;
				GCC_WARN_UNINITIALIZED_AUTOS = YES_AGGRESSIVE;
				GCC_WARN_UNUSED_FUNCTION = YES;
				GCC_WARN_UNUSED_VARIABLE = YES;
				IPHONEOS_DEPLOYMENT_TARGET = 16.1;
				MTL_ENABLE_DEBUG_INFO = INCLUDE_SOURCE;
				MTL_FAST_MATH = YES;
				ONLY_ACTIVE_ARCH = YES;
				SDKROOT = iphoneos;
				SWIFT_ACTIVE_COMPILATION_CONDITIONS = DEBUG;
				SWIFT_OPTIMIZATION_LEVEL = "-Onone";
			};
			name = Debug;
		};
		5E7F726129C8EE8B00D93F38 /* Release */ = {
			isa = XCBuildConfiguration;
			buildSettings = {
				ALWAYS_SEARCH_USER_PATHS = NO;
				CLANG_ANALYZER_NONNULL = YES;
				CLANG_ANALYZER_NUMBER_OBJECT_CONVERSION = YES_AGGRESSIVE;
				CLANG_CXX_LANGUAGE_STANDARD = "gnu++20";
				CLANG_ENABLE_MODULES = YES;
				CLANG_ENABLE_OBJC_ARC = YES;
				CLANG_ENABLE_OBJC_WEAK = YES;
				CLANG_WARN_BLOCK_CAPTURE_AUTORELEASING = YES;
				CLANG_WARN_BOOL_CONVERSION = YES;
				CLANG_WARN_COMMA = YES;
				CLANG_WARN_CONSTANT_CONVERSION = YES;
				CLANG_WARN_DEPRECATED_OBJC_IMPLEMENTATIONS = YES;
				CLANG_WARN_DIRECT_OBJC_ISA_USAGE = YES_ERROR;
				CLANG_WARN_DOCUMENTATION_COMMENTS = YES;
				CLANG_WARN_EMPTY_BODY = YES;
				CLANG_WARN_ENUM_CONVERSION = YES;
				CLANG_WARN_INFINITE_RECURSION = YES;
				CLANG_WARN_INT_CONVERSION = YES;
				CLANG_WARN_NON_LITERAL_NULL_CONVERSION = YES;
				CLANG_WARN_OBJC_IMPLICIT_RETAIN_SELF = YES;
				CLANG_WARN_OBJC_LITERAL_CONVERSION = YES;
				CLANG_WARN_OBJC_ROOT_CLASS = YES_ERROR;
				CLANG_WARN_QUOTED_INCLUDE_IN_FRAMEWORK_HEADER = YES;
				CLANG_WARN_RANGE_LOOP_ANALYSIS = YES;
				CLANG_WARN_STRICT_PROTOTYPES = YES;
				CLANG_WARN_SUSPICIOUS_MOVE = YES;
				CLANG_WARN_UNGUARDED_AVAILABILITY = YES_AGGRESSIVE;
				CLANG_WARN_UNREACHABLE_CODE = YES;
				CLANG_WARN__DUPLICATE_METHOD_MATCH = YES;
				COPY_PHASE_STRIP = NO;
				DEBUG_INFORMATION_FORMAT = "dwarf-with-dsym";
				ENABLE_NS_ASSERTIONS = NO;
				ENABLE_STRICT_OBJC_MSGSEND = YES;
				GCC_C_LANGUAGE_STANDARD = gnu11;
				GCC_NO_COMMON_BLOCKS = YES;
				GCC_WARN_64_TO_32_BIT_CONVERSION = YES;
				GCC_WARN_ABOUT_RETURN_TYPE = YES_ERROR;
				GCC_WARN_UNDECLARED_SELECTOR = YES;
				GCC_WARN_UNINITIALIZED_AUTOS = YES_AGGRESSIVE;
				GCC_WARN_UNUSED_FUNCTION = YES;
				GCC_WARN_UNUSED_VARIABLE = YES;
				IPHONEOS_DEPLOYMENT_TARGET = 16.1;
				MTL_ENABLE_DEBUG_INFO = NO;
				MTL_FAST_MATH = YES;
				SDKROOT = iphoneos;
				SWIFT_COMPILATION_MODE = wholemodule;
				SWIFT_OPTIMIZATION_LEVEL = "-O";
				VALIDATE_PRODUCT = YES;
			};
			name = Release;
		};
		5E7F726329C8EE8B00D93F38 /* Debug */ = {
			isa = XCBuildConfiguration;
			baseConfigurationReference = D44766AD491D7847545EEFB3 /* Pods-CustomsClearance.debug.xcconfig */;
			buildSettings = {
				ASSETCATALOG_COMPILER_APPICON_NAME = AppIcon;
				ASSETCATALOG_COMPILER_GLOBAL_ACCENT_COLOR_NAME = AccentColor;
				CODE_SIGN_STYLE = Automatic;
				CURRENT_PROJECT_VERSION = 1;
				GENERATE_INFOPLIST_FILE = YES;
				INFOPLIST_FILE = CustomsClearance/DefaultFiles/Info.plist;
				INFOPLIST_KEY_UIApplicationSupportsIndirectInputEvents = YES;
				INFOPLIST_KEY_UILaunchStoryboardName = LaunchScreen;
				INFOPLIST_KEY_UIMainStoryboardFile = Main;
				INFOPLIST_KEY_UISupportedInterfaceOrientations_iPad = "UIInterfaceOrientationPortrait UIInterfaceOrientationPortraitUpsideDown UIInterfaceOrientationLandscapeLeft UIInterfaceOrientationLandscapeRight";
				INFOPLIST_KEY_UISupportedInterfaceOrientations_iPhone = "UIInterfaceOrientationPortrait UIInterfaceOrientationLandscapeLeft UIInterfaceOrientationLandscapeRight";
				LD_RUNPATH_SEARCH_PATHS = (
					"$(inherited)",
					"@executable_path/Frameworks",
				);
				MARKETING_VERSION = 1.0;
				PRODUCT_BUNDLE_IDENTIFIER = ua.CustomsClearance;
				PRODUCT_NAME = "$(TARGET_NAME)";
				SWIFT_EMIT_LOC_STRINGS = YES;
				SWIFT_VERSION = 5.0;
				TARGETED_DEVICE_FAMILY = "1,2";
			};
			name = Debug;
		};
		5E7F726429C8EE8B00D93F38 /* Release */ = {
			isa = XCBuildConfiguration;
			baseConfigurationReference = D4CCEB0033E187864FA86360 /* Pods-CustomsClearance.release.xcconfig */;
			buildSettings = {
				ASSETCATALOG_COMPILER_APPICON_NAME = AppIcon;
				ASSETCATALOG_COMPILER_GLOBAL_ACCENT_COLOR_NAME = AccentColor;
				CODE_SIGN_STYLE = Automatic;
				CURRENT_PROJECT_VERSION = 1;
				GENERATE_INFOPLIST_FILE = YES;
				INFOPLIST_FILE = CustomsClearance/DefaultFiles/Info.plist;
				INFOPLIST_KEY_UIApplicationSupportsIndirectInputEvents = YES;
				INFOPLIST_KEY_UILaunchStoryboardName = LaunchScreen;
				INFOPLIST_KEY_UIMainStoryboardFile = Main;
				INFOPLIST_KEY_UISupportedInterfaceOrientations_iPad = "UIInterfaceOrientationPortrait UIInterfaceOrientationPortraitUpsideDown UIInterfaceOrientationLandscapeLeft UIInterfaceOrientationLandscapeRight";
				INFOPLIST_KEY_UISupportedInterfaceOrientations_iPhone = "UIInterfaceOrientationPortrait UIInterfaceOrientationLandscapeLeft UIInterfaceOrientationLandscapeRight";
				LD_RUNPATH_SEARCH_PATHS = (
					"$(inherited)",
					"@executable_path/Frameworks",
				);
				MARKETING_VERSION = 1.0;
				PRODUCT_BUNDLE_IDENTIFIER = ua.CustomsClearance;
				PRODUCT_NAME = "$(TARGET_NAME)";
				SWIFT_EMIT_LOC_STRINGS = YES;
				SWIFT_VERSION = 5.0;
				TARGETED_DEVICE_FAMILY = "1,2";
			};
			name = Release;
		};
/* End XCBuildConfiguration section */

/* Begin XCConfigurationList section */
		5E7F724929C8EE8800D93F38 /* Build configuration list for PBXProject "CustomsClearance" */ = {
			isa = XCConfigurationList;
			buildConfigurations = (
				5E7F726029C8EE8B00D93F38 /* Debug */,
				5E7F726129C8EE8B00D93F38 /* Release */,
			);
			defaultConfigurationIsVisible = 0;
			defaultConfigurationName = Release;
		};
		5E7F726229C8EE8B00D93F38 /* Build configuration list for PBXNativeTarget "CustomsClearance" */ = {
			isa = XCConfigurationList;
			buildConfigurations = (
				5E7F726329C8EE8B00D93F38 /* Debug */,
				5E7F726429C8EE8B00D93F38 /* Release */,
			);
			defaultConfigurationIsVisible = 0;
			defaultConfigurationName = Release;
		};
/* End XCConfigurationList section */
	};
	rootObject = 5E7F724629C8EE8800D93F38 /* Project object */;
}
